
Microsoft Visual Studio Solution File, Format Version 12.00
# Visual Studio Version 17
VisualStudioVersion = 17.9.34701.34
MinimumVisualStudioVersion = 10.0.40219.1
Project("{FAE04EC0-301F-11D3-BF4B-00C04F79EFBC}") = "Vezbe5Zad5", "Vezbe5Zad5\Vezbe5Zad5.csproj", "{56735F80-1D68-4009-B065-1356FF965494}"
EndProject
Global
	GlobalSection(SolutionConfigurationPlatforms) = preSolution
		Debug|Any CPU = Debug|Any CPU
		Release|Any CPU = Release|Any CPU
	EndGlobalSection
	GlobalSection(ProjectConfigurationPlatforms) = postSolution
		{56735F80-1D68-4009-B065-1356FF965494}.Debug|Any CPU.ActiveCfg = Debug|Any CPU
		{56735F80-1D68-4009-B065-1356FF965494}.Debug|Any CPU.Build.0 = Debug|Any CPU
		{56735F80-1D68-4009-B065-1356FF965494}.Release|Any CPU.ActiveCfg = Release|Any CPU
		{56735F80-1D68-4009-B065-1356FF965494}.Release|Any CPU.Build.0 = Release|Any CPU
	EndGlobalSection
	GlobalSection(SolutionProperties) = preSolution
		HideSolutionNode = FALSE
	EndGlobalSection
	GlobalSection(ExtensibilityGlobals) = postSolution
		SolutionGuid = {C03639BE-98C7-4A57-987C-594F746553D1}
	EndGlobalSection
EndGlobal
